<?xml version="1.0" encoding="utf-8"?>
<Project ToolsVersion="4.0" xmlns="http://schemas.microsoft.com/developer/msbuild/2003">
  <ItemGroup>
    <Filter Include="Source Files">
      <UniqueIdentifier>{4FC737F1-C7A5-4376-A066-2A32D752A2FF}</UniqueIdentifier>
      <Extensions>cpp;c;cc;cxx;c++;cppm;ixx;def;odl;idl;hpj;bat;asm;asmx</Extensions>
    </Filter>
    <Filter Include="Header Files">
      <UniqueIdentifier>{93995380-89BD-4b04-88EB-625FBE52EBFB}</UniqueIdentifier>
      <Extensions>h;hh;hpp;hxx;h++;hm;inl;inc;ipp;xsd</Extensions>
    </Filter>
    <Filter Include="Resource Files">
      <UniqueIdentifier>{67DA6AB6-F800-4c08-8B7A-83BB121AAD01}</UniqueIdentifier>
      <Extensions>rc;ico;cur;bmp;dlg;rc2;rct;bin;rgs;gif;jpg;jpeg;jpe;resx;tiff;tif;png;wav;mfcribbon-ms</Extensions>
    </Filter>
  </ItemGroup>
  <ItemGroup>
    <ClCompile Include="PlanetGeneration.cpp">
      <Filter>Source Files</Filter>
    </ClCompile>
    <ClCompile Include="Content\Maps\DefaultMap.cpp">
      <Filter>Source Files</Filter>
    </ClCompile>
  </ItemGroup>
  <ItemGroup>
    <ClInclude Include="Content\Maps\DefaultMap.h">
      <Filter>Header Files</Filter>
    </ClInclude>
  </ItemGroup>
  <ItemGroup>
    <None Include="Content\Resources\Shaders\Mesh\basicTess.frag" />
    <None Include="Content\Resources\Shaders\Mesh\basicTess.tesc" />
    <None Include="Content\Resources\Shaders\Mesh\basicTess.tese" />
    <None Include="Content\Resources\Shaders\Mesh\basicTess.vert" />
    <None Include="Content\Resources\Shaders\basic.frag" />
    <None Include="Content\Resources\Shaders\basic.tese" />
    <None Include="Content\Resources\Shaders\basic.vert" />
    <None Include="Content\Resources\Shaders\sprite.frag" />
    <None Include="Content\Resources\Shaders\sprite.vert" />
    <None Include="Content\Resources\Shaders\text.frag" />
    <None Include="Content\Resources\Shaders\text.vert" />
    <None Include="Config\project.config.json" />
    <None Include="Content\Resources\Shaders\Mesh\Skybox\skybox.vert" />
    <None Include="Content\Resources\Shaders\Mesh\Skybox\skybox.tesc" />
    <None Include="Content\Resources\Shaders\Mesh\Skybox\skybox.tese" />
    <None Include="Content\Resources\Shaders\Mesh\Skybox\skybox.frag" />
  </ItemGroup>
</Project>